
Microsoft Visual Studio Solution File, Format Version 12.00
# Visual Studio Version 17
VisualStudioVersion = 17.0.31912.275
MinimumVisualStudioVersion = 10.0.40219.1
Project("{FAE04EC0-301F-11D3-BF4B-00C04F79EFBC}") = "Test", "Test\Test.csproj", "{42017DF4-D747-4D22-B4D1-655BE35EDBC5}"
EndProject
Global
	GlobalSection(SolutionConfigurationPlatforms) = preSolution
		Debug|Any CPU = Debug|Any CPU
		Release|Any CPU = Release|Any CPU
	EndGlobalSection
	GlobalSection(ProjectConfigurationPlatforms) = postSolution
		{42017DF4-D747-4D22-B4D1-655BE35EDBC5}.Debug|Any CPU.ActiveCfg = Debug|Any CPU
		{42017DF4-D747-4D22-B4D1-655BE35EDBC5}.Debug|Any CPU.Build.0 = Debug|Any CPU
		{42017DF4-D747-4D22-B4D1-655BE35EDBC5}.Release|Any CPU.ActiveCfg = Release|Any CPU
		{42017DF4-D747-4D22-B4D1-655BE35EDBC5}.Release|Any CPU.Build.0 = Release|Any CPU
	EndGlobalSection
	GlobalSection(SolutionProperties) = preSolution
		HideSolutionNode = FALSE
	EndGlobalSection
	GlobalSection(ExtensibilityGlobals) = postSolution
		SolutionGuid = {B430F808-4210-449D-8443-EC87AA53C8CC}
	EndGlobalSection
EndGlobal
